github.com/anistya04/go-append-file v1.0.0 h1:pGdsQe2uwlDizdb0Cdctv9fp9nAZq01vyE3MrhbASfo=
github.com/anistya04/go-append-file v1.0.0/go.mod h1:Sj+mRj+cxhELvvJAkK7Ra9wbWqGTFcYR/xdhSkQnY+k=
github.com/anistya04/go-append-file v1.1.0 h1:cP2Z/etxgWBfrBxFTr3vtRLSimx9dw/VfUGKMuwNJbs=
github.com/anistya04/go-append-file v1.1.0/go.mod h1:Sj+mRj+cxhELvvJAkK7Ra9wbWqGTFcYR/xdhSkQnY+k=
